
Microsoft Visual Studio Solution File, Format Version 12.00
# Visual Studio Version 17
VisualStudioVersion = 17.5.002.0
MinimumVisualStudioVersion = 10.0.40219.1
Project("{9A19103F-16F7-4668-BE54-9A1E7A4F7556}") = "05_Convertendo_Metros_para_centimetros", "05_Convertendo_Metros_para_centimetros.csproj", "{F3C12672-C8E3-4F9A-9B95-FE6A585C687E}"
EndProject
Global
	GlobalSection(SolutionConfigurationPlatforms) = preSolution
		Debug|Any CPU = Debug|Any CPU
		Release|Any CPU = Release|Any CPU
	EndGlobalSection
	GlobalSection(ProjectConfigurationPlatforms) = postSolution
		{F3C12672-C8E3-4F9A-9B95-FE6A585C687E}.Debug|Any CPU.ActiveCfg = Debug|Any CPU
		{F3C12672-C8E3-4F9A-9B95-FE6A585C687E}.Debug|Any CPU.Build.0 = Debug|Any CPU
		{F3C12672-C8E3-4F9A-9B95-FE6A585C687E}.Release|Any CPU.ActiveCfg = Release|Any CPU
		{F3C12672-C8E3-4F9A-9B95-FE6A585C687E}.Release|Any CPU.Build.0 = Release|Any CPU
	EndGlobalSection
	GlobalSection(SolutionProperties) = preSolution
		HideSolutionNode = FALSE
	EndGlobalSection
	GlobalSection(ExtensibilityGlobals) = postSolution
		SolutionGuid = {ECE6DDF6-58B9-4005-A953-997613F42D42}
	EndGlobalSection
EndGlobal
