
Microsoft Visual Studio Solution File, Format Version 12.00
# Visual Studio Version 17
VisualStudioVersion = 17.5.002.0
MinimumVisualStudioVersion = 10.0.40219.1
Project("{9A19103F-16F7-4668-BE54-9A1E7A4F7556}") = "08_CalculandoSalario", "08_CalculandoSalario.csproj", "{CDDA1BB6-BDA0-4A92-8A50-9C08272D7E6C}"
EndProject
Global
	GlobalSection(SolutionConfigurationPlatforms) = preSolution
		Debug|Any CPU = Debug|Any CPU
		Release|Any CPU = Release|Any CPU
	EndGlobalSection
	GlobalSection(ProjectConfigurationPlatforms) = postSolution
		{CDDA1BB6-BDA0-4A92-8A50-9C08272D7E6C}.Debug|Any CPU.ActiveCfg = Debug|Any CPU
		{CDDA1BB6-BDA0-4A92-8A50-9C08272D7E6C}.Debug|Any CPU.Build.0 = Debug|Any CPU
		{CDDA1BB6-BDA0-4A92-8A50-9C08272D7E6C}.Release|Any CPU.ActiveCfg = Release|Any CPU
		{CDDA1BB6-BDA0-4A92-8A50-9C08272D7E6C}.Release|Any CPU.Build.0 = Release|Any CPU
	EndGlobalSection
	GlobalSection(SolutionProperties) = preSolution
		HideSolutionNode = FALSE
	EndGlobalSection
	GlobalSection(ExtensibilityGlobals) = postSolution
		SolutionGuid = {8FCFDBCC-FB89-4B94-AB71-491AF9ED39C8}
	EndGlobalSection
EndGlobal
